
Microsoft Visual Studio Solution File, Format Version 12.00
# Visual Studio Version 17
VisualStudioVersion = 17.13.35818.85
MinimumVisualStudioVersion = 10.0.40219.1
Project("{FAE04EC0-301F-11D3-BF4B-00C04F79EFBC}") = "Calculatorimt", "Calculatorimt\Calculatorimt.csproj", "{788DB583-E341-40C8-B7DC-832C3A07625D}"
EndProject
Project("{FAE04EC0-301F-11D3-BF4B-00C04F79EFBC}") = "zad2", "..\zad2\zad2\zad2.csproj", "{E3FEF455-E633-4439-A79C-E3AD0ECEEB32}"
EndProject
Project("{FAE04EC0-301F-11D3-BF4B-00C04F79EFBC}") = "zad1", "..\1n2question\1n2question\zad1.csproj", "{61CB0ED7-1997-4558-A8E8-B2338328104A}"
EndProject
Global
	GlobalSection(SolutionConfigurationPlatforms) = preSolution
		Debug|Any CPU = Debug|Any CPU
		Release|Any CPU = Release|Any CPU
	EndGlobalSection
	GlobalSection(ProjectConfigurationPlatforms) = postSolution
		{788DB583-E341-40C8-B7DC-832C3A07625D}.Debug|Any CPU.ActiveCfg = Debug|Any CPU
		{788DB583-E341-40C8-B7DC-832C3A07625D}.Debug|Any CPU.Build.0 = Debug|Any CPU
		{788DB583-E341-40C8-B7DC-832C3A07625D}.Release|Any CPU.ActiveCfg = Release|Any CPU
		{788DB583-E341-40C8-B7DC-832C3A07625D}.Release|Any CPU.Build.0 = Release|Any CPU
		{E3FEF455-E633-4439-A79C-E3AD0ECEEB32}.Debug|Any CPU.ActiveCfg = Debug|Any CPU
		{E3FEF455-E633-4439-A79C-E3AD0ECEEB32}.Debug|Any CPU.Build.0 = Debug|Any CPU
		{E3FEF455-E633-4439-A79C-E3AD0ECEEB32}.Release|Any CPU.ActiveCfg = Release|Any CPU
		{E3FEF455-E633-4439-A79C-E3AD0ECEEB32}.Release|Any CPU.Build.0 = Release|Any CPU
		{61CB0ED7-1997-4558-A8E8-B2338328104A}.Debug|Any CPU.ActiveCfg = Debug|Any CPU
		{61CB0ED7-1997-4558-A8E8-B2338328104A}.Debug|Any CPU.Build.0 = Debug|Any CPU
		{61CB0ED7-1997-4558-A8E8-B2338328104A}.Release|Any CPU.ActiveCfg = Release|Any CPU
		{61CB0ED7-1997-4558-A8E8-B2338328104A}.Release|Any CPU.Build.0 = Release|Any CPU
	EndGlobalSection
	GlobalSection(SolutionProperties) = preSolution
		HideSolutionNode = FALSE
	EndGlobalSection
	GlobalSection(ExtensibilityGlobals) = postSolution
		SolutionGuid = {50FA90DE-8FF3-4670-B583-9540E6D9F528}
	EndGlobalSection
EndGlobal
